lockfileVersion: 5.4

specifiers:
  app-root-path: ^3.0.0
  commander: ^6
  dayjs: ^1.11.3
  dotenv: ^16.0.1
  path: ^0.12.7
  playwright-chromium: ^1.22.2
  rambda: ^7.1.4

dependencies:
  app-root-path: 3.0.0
  commander: 6.2.1
  dayjs: 1.11.3
  dotenv: 16.0.1
  path: 0.12.7
  playwright-chromium: 1.22.2
  rambda: 7.1.4

packages:

  /app-root-path/3.0.0:
    resolution: {integrity: sha512-qMcx+Gy2UZynHjOHOIXPNvpf+9cjvk3cWrBBK7zg4gH9+clobJRb9NGzcT7mQTcV/6Gm/1WelUtqxVXnNlrwcw==}
    engines: {node: '>= 6.0.0'}
    dev: false

  /commander/6.2.1:
    resolution: {integrity: sha512-U7VdrJFnJgo4xjrHpTzu0yrHPGImdsmD95ZlgYSEajAn2JKzDhDTPG9kBTefmObL2w/ngeZnilk+OV9CG3d7UA==}
    engines: {node: '>= 6'}
    dev: false

  /dayjs/1.11.3:
    resolution: {integrity: sha512-xxwlswWOlGhzgQ4TKzASQkUhqERI3egRNqgV4ScR8wlANA/A9tZ7miXa44vTTKEq5l7vWoL5G57bG3zA+Kow0A==}
    dev: false

  /dotenv/16.0.1:
    resolution: {integrity: sha512-1K6hR6wtk2FviQ4kEiSjFiH5rpzEVi8WW0x96aztHVMhEspNpc4DVOUTEHtEva5VThQ8IaBX1Pe4gSzpVVUsKQ==}
    engines: {node: '>=12'}
    dev: false

  /inherits/2.0.3:
    resolution: {integrity: sha512-x00IRNXNy63jwGkJmzPigoySHbaqpNuzKbBOmzK+g2OdZpQ9w+sxCN+VSB3ja7IAge2OP2qpfxTjeNcyjmW1uw==}
    dev: false

  /path/0.12.7:
    resolution: {integrity: sha512-aXXC6s+1w7otVF9UletFkFcDsJeO7lSZBPUQhtb5O0xJe8LtYhj/GxldoL09bBj9+ZmE2hNoHqQSFMN5fikh4Q==}
    dependencies:
      process: 0.11.10
      util: 0.10.4
    dev: false

  /playwright-chromium/1.22.2:
    resolution: {integrity: sha512-msRcdCIJkdM2R6S+NMJZ02uyZHzJ7TIzkjzs3usDJ1Pwacp9HMhv9T/S4AxtpFXFmvMZq7UJYb0x+tCdHx9+0w==}
    engines: {node: '>=14'}
    hasBin: true
    requiresBuild: true
    dependencies:
      playwright-core: 1.22.2
    dev: false

  /playwright-core/1.22.2:
    resolution: {integrity: sha512-w/hc/Ld0RM4pmsNeE6aL/fPNWw8BWit2tg+TfqJ3+p59c6s3B6C8mXvXrIPmfQEobkcFDc+4KirNzOQ+uBSP1Q==}
    engines: {node: '>=14'}
    hasBin: true
    dev: false

  /process/0.11.10:
    resolution: {integrity: sha512-cdGef/drWFoydD1JsMzuFf8100nZl+GT+yacc2bEced5f9Rjk4z+WtFUTBu9PhOi9j/jfmBPu0mMEY4wIdAF8A==}
    engines: {node: '>= 0.6.0'}
    dev: false

  /rambda/7.1.4:
    resolution: {integrity: sha512-bPK8sSiVHIC7CqdWga8R+hRi5hfc4hK6S01lZW4KrLwSNryQoKaCOJA9GNiF20J7Nbe1vejRfR37/ASQXFL5EA==}
    dev: false

  /util/0.10.4:
    resolution: {integrity: sha512-0Pm9hTQ3se5ll1XihRic3FDIku70C+iHUdT/W926rSgHV5QgXsYbKZN8MSC3tJtSkhuROzvsQjAaFENRXr+19A==}
    dependencies:
      inherits: 2.0.3
    dev: false
